// !$*UTF8*$!
{
	archiveVersion = 1;
	classes = {
	};
	objectVersion = 63;
	objects = {

/* Begin PBXBuildFile section */
		030626C62FCD23D47B862184 /* LocationService.swift in Sources */ = {isa = PBXBuildFile; fileRef = CFD1AAB411055DDE3228ED69 /* LocationService.swift */; };
		2D82ED7E8D696279367EF9F6 /* Models.swift in Sources */ = {isa = PBXBuildFile; fileRef = C04B9EEE00FB68806482BE0F /* Models.swift */; };
		3208962B2E0DE31E0060126F /* Media.xcassets in Sources */ = {isa = PBXBuildFile; fileRef = 320896232E0DD6CB0060126F /* Media.xcassets */; };
		320896322E0DEF4E0060126F /* NetworkService.swift in Sources */ = {isa = PBXBuildFile; fileRef = D401135D5E0D7A8DA3032C5F /* NetworkService.swift */; };
		320896342E0DF1FB0060126F /* IBMPlexMono-Medium.ttf in Resources */ = {isa = PBXBuildFile; fileRef = 3208961D2E0DD5FF0060126F /* IBMPlexMono-Medium.ttf */; };
		320896352E0DF1FB0060126F /* IBMPlexMono-Regular.ttf in Resources */ = {isa = PBXBuildFile; fileRef = 3208961E2E0DD5FF0060126F /* IBMPlexMono-Regular.ttf */; };
		320896362E0DF1FB0060126F /* IBMPlexSans-Regular.ttf in Resources */ = {isa = PBXBuildFile; fileRef = 3208962C2E0DEB670060126F /* IBMPlexSans-Regular.ttf */; };
		320896372E0DF1FB0060126F /* IBMPlexSans-Medium.ttf in Resources */ = {isa = PBXBuildFile; fileRef = 3208962D2E0DEB6F0060126F /* IBMPlexSans-Medium.ttf */; };
		5D5F959C2BA09CE80DE93589 /* LandingPageView.swift in Sources */ = {isa = PBXBuildFile; fileRef = F7321C953047B57AA32152B7 /* LandingPageView.swift */; };
		7149E4BA971C5AFB8A6692AB /* ContentView.swift in Sources */ = {isa = PBXBuildFile; fileRef = 0C66521C07E8FB02231DE665 /* ContentView.swift */; };
		86F66E312CFF3746C1970380 /* SteezApp.swift in Sources */ = {isa = PBXBuildFile; fileRef = D9D3506FA3A093B8734A6705 /* SteezApp.swift */; };
		B3AB80AAE148409C9F480664 /* ImagePicker.swift in Sources */ = {isa = PBXBuildFile; fileRef = A84D3588ED8F601142ED98D1 /* ImagePicker.swift */; };
		BD9EE75AD8471B259A3851D0 /* UserPreferencesView.swift in Sources */ = {isa = PBXBuildFile; fileRef = 560CAA4BF95ECD8B6E2A0B8B /* UserPreferencesView.swift */; };
/* End PBXBuildFile section */

/* Begin PBXFileReference section */
		0C66521C07E8FB02231DE665 /* ContentView.swift */ = {isa = PBXFileReference; lastKnownFileType = sourcecode.swift; path = ContentView.swift; sourceTree = "<group>"; };
		3208961C2E0DD5CA0060126F /* steezlogo.png */ = {isa = PBXFileReference; lastKnownFileType = image.png; path = steezlogo.png; sourceTree = "<group>"; };
		3208961D2E0DD5FF0060126F /* IBMPlexMono-Medium.ttf */ = {isa = PBXFileReference; lastKnownFileType = file; path = "IBMPlexMono-Medium.ttf"; sourceTree = "<group>"; };
		3208961E2E0DD5FF0060126F /* IBMPlexMono-Regular.ttf */ = {isa = PBXFileReference; lastKnownFileType = file; path = "IBMPlexMono-Regular.ttf"; sourceTree = "<group>"; };
		320896232E0DD6CB0060126F /* Media.xcassets */ = {isa = PBXFileReference; lastKnownFileType = folder.assetcatalog; path = Media.xcassets; sourceTree = "<group>"; };
		3208962C2E0DEB670060126F /* IBMPlexSans-Regular.ttf */ = {isa = PBXFileReference; lastKnownFileType = file; path = "IBMPlexSans-Regular.ttf"; sourceTree = "<group>"; };
		3208962D2E0DEB6F0060126F /* IBMPlexSans-Medium.ttf */ = {isa = PBXFileReference; lastKnownFileType = file; path = "IBMPlexSans-Medium.ttf"; sourceTree = "<group>"; };
		560CAA4BF95ECD8B6E2A0B8B /* UserPreferencesView.swift */ = {isa = PBXFileReference; lastKnownFileType = sourcecode.swift; path = UserPreferencesView.swift; sourceTree = "<group>"; };
		6E96BF9392EBBFE64226ACFF /* Info.plist */ = {isa = PBXFileReference; lastKnownFileType = text.plist; path = Info.plist; sourceTree = "<group>"; };
		72E990E0B3B7A81DC126DBBE /* Steez.app */ = {isa = PBXFileReference; includeInIndex = 0; lastKnownFileType = wrapper.application; path = Steez.app; sourceTree = BUILT_PRODUCTS_DIR; };
		A84D3588ED8F601142ED98D1 /* ImagePicker.swift */ = {isa = PBXFileReference; lastKnownFileType = sourcecode.swift; path = ImagePicker.swift; sourceTree = "<group>"; };
		C04B9EEE00FB68806482BE0F /* Models.swift */ = {isa = PBXFileReference; lastKnownFileType = sourcecode.swift; path = Models.swift; sourceTree = "<group>"; };
		CFD1AAB411055DDE3228ED69 /* LocationService.swift */ = {isa = PBXFileReference; lastKnownFileType = sourcecode.swift; path = LocationService.swift; sourceTree = "<group>"; };
		D401135D5E0D7A8DA3032C5F /* NetworkService.swift */ = {isa = PBXFileReference; lastKnownFileType = sourcecode.swift; path = NetworkService.swift; sourceTree = "<group>"; };
		D9D3506FA3A093B8734A6705 /* SteezApp.swift */ = {isa = PBXFileReference; lastKnownFileType = sourcecode.swift; path = SteezApp.swift; sourceTree = "<group>"; };
		F7321C953047B57AA32152B7 /* LandingPageView.swift */ = {isa = PBXFileReference; lastKnownFileType = sourcecode.swift; path = LandingPageView.swift; sourceTree = "<group>"; };
/* End PBXFileReference section */

/* Begin PBXGroup section */
		228BE19DF033C7AA9D1BE85F /* Sources */ = {
			isa = PBXGroup;
			children = (
				6558A0818D3DB15699E53585 /* App */,
				A31495225D435C9D1D5D006A /* Core */,
				3C009CF2A0E990ADA785595F /* UI */,
			);
			path = Sources;
			sourceTree = "<group>";
		};
		320896212E0DD5FF0060126F /* Resources */ = {
			isa = PBXGroup;
			children = (
				3208961D2E0DD5FF0060126F /* IBMPlexMono-Medium.ttf */,
				3208961E2E0DD5FF0060126F /* IBMPlexMono-Regular.ttf */,
				3208961C2E0DD5CA0060126F /* steezlogo.png */,
				3208962C2E0DEB670060126F /* IBMPlexSans-Regular.ttf */,
				3208962D2E0DEB6F0060126F /* IBMPlexSans-Medium.ttf */,
			);
			path = Resources;
			sourceTree = "<group>";
		};
		3C009CF2A0E990ADA785595F /* UI */ = {
			isa = PBXGroup;
			children = (
				0C66521C07E8FB02231DE665 /* ContentView.swift */,
				A84D3588ED8F601142ED98D1 /* ImagePicker.swift */,
				F7321C953047B57AA32152B7 /* LandingPageView.swift */,
				560CAA4BF95ECD8B6E2A0B8B /* UserPreferencesView.swift */,
			);
			path = UI;
			sourceTree = "<group>";
		};
		41A65657ED393E56E88E682C /* Products */ = {
			isa = PBXGroup;
			children = (
				72E990E0B3B7A81DC126DBBE /* Steez.app */,
			);
			name = Products;
			sourceTree = "<group>";
		};
		6558A0818D3DB15699E53585 /* App */ = {
			isa = PBXGroup;
			children = (
				6E96BF9392EBBFE64226ACFF /* Info.plist */,
				D9D3506FA3A093B8734A6705 /* SteezApp.swift */,
			);
			path = App;
			sourceTree = "<group>";
		};
		A31495225D435C9D1D5D006A /* Core */ = {
			isa = PBXGroup;
			children = (
				CFD1AAB411055DDE3228ED69 /* LocationService.swift */,
				C04B9EEE00FB68806482BE0F /* Models.swift */,
				D401135D5E0D7A8DA3032C5F /* NetworkService.swift */,
			);
			path = Core;
			sourceTree = "<group>";
		};
		C800F6A325A56C965CBF9608 = {
			isa = PBXGroup;
			children = (
				320896232E0DD6CB0060126F /* Media.xcassets */,
				228BE19DF033C7AA9D1BE85F /* Sources */,
				41A65657ED393E56E88E682C /* Products */,
				320896212E0DD5FF0060126F /* Resources */,
			);
			sourceTree = "<group>";
		};
/* End PBXGroup section */

/* Begin PBXNativeTarget section */
		EBA394659AC2B64F0E3FA78D /* Steez */ = {
			isa = PBXNativeTarget;
			buildConfigurationList = 9F621860A229FF49AC48BCF7 /* Build configuration list for PBXNativeTarget "Steez" */;
			buildPhases = (
				5FB9009410984C2BBCB28C21 /* Sources */,
				320896332E0DF1F10060126F /* Resources */,
			);
			buildRules = (
			);
			dependencies = (
			);
			name = Steez;
			packageProductDependencies = (
			);
			productName = Steez;
			productReference = 72E990E0B3B7A81DC126DBBE /* Steez.app */;
			productType = "com.apple.product-type.application";
		};
/* End PBXNativeTarget section */

/* Begin PBXProject section */
		2C7CF9C8C5795DE50E6B6100 /* Project object */ = {
			isa = PBXProject;
			attributes = {
				BuildIndependentTargetsInParallel = YES;
				LastUpgradeCheck = 1430;
			};
			buildConfigurationList = 37FD20A83A7E0604F3A324E0 /* Build configuration list for PBXProject "Steez" */;
			compatibilityVersion = "Xcode 14.0";
			developmentRegion = en;
			hasScannedForEncodings = 0;
			knownRegions = (
				Base,
				en,
			);
			mainGroup = C800F6A325A56C965CBF9608;
			minimizedProjectReferenceProxies = 1;
			projectDirPath = "";
			projectRoot = "";
			targets = (
				EBA394659AC2B64F0E3FA78D /* Steez */,
			);
		};
/* End PBXProject section */

/* Begin PBXResourcesBuildPhase section */
		320896332E0DF1F10060126F /* Resources */ = {
			isa = PBXResourcesBuildPhase;
			buildActionMask = 2147483647;
			files = (
				320896342E0DF1FB0060126F /* IBMPlexMono-Medium.ttf in Resources */,
				320896352E0DF1FB0060126F /* IBMPlexMono-Regular.ttf in Resources */,
				320896362E0DF1FB0060126F /* IBMPlexSans-Regular.ttf in Resources */,
				320896372E0DF1FB0060126F /* IBMPlexSans-Medium.ttf in Resources */,
			);
			runOnlyForDeploymentPostprocessing = 0;
		};
/* End PBXResourcesBuildPhase section */

/* Begin PBXSourcesBuildPhase section */
		5FB9009410984C2BBCB28C21 /* Sources */ = {
			isa = PBXSourcesBuildPhase;
			buildActionMask = 2147483647;
			files = (
				320896322E0DEF4E0060126F /* NetworkService.swift in Sources */,
				3208962B2E0DE31E0060126F /* Media.xcassets in Sources */,
				7149E4BA971C5AFB8A6692AB /* ContentView.swift in Sources */,
				B3AB80AAE148409C9F480664 /* ImagePicker.swift in Sources */,
				5D5F959C2BA09CE80DE93589 /* LandingPageView.swift in Sources */,
				030626C62FCD23D47B862184 /* LocationService.swift in Sources */,
				2D82ED7E8D696279367EF9F6 /* Models.swift in Sources */,
				86F66E312CFF3746C1970380 /* SteezApp.swift in Sources */,
				BD9EE75AD8471B259A3851D0 /* UserPreferencesView.swift in Sources */,
			);
			runOnlyForDeploymentPostprocessing = 0;
		};
/* End PBXSourcesBuildPhase section */

/* Begin XCBuildConfiguration section */
		27BAC835FC53AFD94B2C05CD /* Debug */ = {
			isa = XCBuildConfiguration;
			buildSettings = {
				ALWAYS_SEARCH_USER_PATHS = NO;
				CLANG_ANALYZER_NONNULL = YES;
				CLANG_ANALYZER_NUMBER_OBJECT_CONVERSION = YES_AGGRESSIVE;
				CLANG_CXX_LANGUAGE_STANDARD = "gnu++14";
				CLANG_CXX_LIBRARY = "libc++";
				CLANG_ENABLE_MODULES = YES;
				CLANG_ENABLE_OBJC_ARC = YES;
				CLANG_ENABLE_OBJC_WEAK = YES;
				CLANG_WARN_BLOCK_CAPTURE_AUTORELEASING = YES;
				CLANG_WARN_BOOL_CONVERSION = YES;
				CLANG_WARN_COMMA = YES;
				CLANG_WARN_CONSTANT_CONVERSION = YES;
				CLANG_WARN_DEPRECATED_OBJC_IMPLEMENTATIONS = YES;
				CLANG_WARN_DIRECT_OBJC_ISA_USAGE = YES_ERROR;
				CLANG_WARN_DOCUMENTATION_COMMENTS = YES;
				CLANG_WARN_EMPTY_BODY = YES;
				CLANG_WARN_ENUM_CONVERSION = YES;
				CLANG_WARN_INFINITE_RECURSION = YES;
				CLANG_WARN_INT_CONVERSION = YES;
				CLANG_WARN_NON_LITERAL_NULL_CONVERSION = YES;
				CLANG_WARN_OBJC_IMPLICIT_RETAIN_SELF = YES;
				CLANG_WARN_OBJC_LITERAL_CONVERSION = YES;
				CLANG_WARN_OBJC_ROOT_CLASS = YES_ERROR;
				CLANG_WARN_QUOTED_INCLUDE_IN_FRAMEWORK_HEADER = YES;
				CLANG_WARN_RANGE_LOOP_ANALYSIS = YES;
				CLANG_WARN_STRICT_PROTOTYPES = YES;
				CLANG_WARN_SUSPICIOUS_MOVE = YES;
				CLANG_WARN_UNGUARDED_AVAILABILITY = YES_AGGRESSIVE;
				CLANG_WARN_UNREACHABLE_CODE = YES;
				CLANG_WARN__DUPLICATE_METHOD_MATCH = YES;
				COPY_PHASE_STRIP = NO;
				DEBUG_INFORMATION_FORMAT = dwarf;
				ENABLE_STRICT_OBJC_MSGSEND = YES;
				ENABLE_TESTABILITY = YES;
				GCC_C_LANGUAGE_STANDARD = gnu11;
				GCC_DYNAMIC_NO_PIC = NO;
				GCC_NO_COMMON_BLOCKS = YES;
				GCC_OPTIMIZATION_LEVEL = 0;
				GCC_PREPROCESSOR_DEFINITIONS = (
					"$(inherited)",
					"DEBUG=1",
				);
				GCC_WARN_64_TO_32_BIT_CONVERSION = YES;
				GCC_WARN_ABOUT_RETURN_TYPE = YES_ERROR;
				GCC_WARN_UNDECLARED_SELECTOR = YES;
				GCC_WARN_UNINITIALIZED_AUTOS = YES_AGGRESSIVE;
				GCC_WARN_UNUSED_FUNCTION = YES;
				GCC_WARN_UNUSED_VARIABLE = YES;
				IPHONEOS_DEPLOYMENT_TARGET = 15.0;
				MTL_ENABLE_DEBUG_INFO = INCLUDE_SOURCE;
				MTL_FAST_MATH = YES;
				ONLY_ACTIVE_ARCH = YES;
				PRODUCT_NAME = "$(TARGET_NAME)";
				SDKROOT = iphoneos;
				SWIFT_ACTIVE_COMPILATION_CONDITIONS = DEBUG;
				SWIFT_OPTIMIZATION_LEVEL = "-Onone";
				SWIFT_VERSION = 5.0;
			};
			name = Debug;
		};
		4DDB3FDDAC125394F0A35FA2 /* Release */ = {
			isa = XCBuildConfiguration;
			buildSettings = {
				ALWAYS_SEARCH_USER_PATHS = NO;
				CLANG_ANALYZER_NONNULL = YES;
				CLANG_ANALYZER_NUMBER_OBJECT_CONVERSION = YES_AGGRESSIVE;
				CLANG_CXX_LANGUAGE_STANDARD = "gnu++14";
				CLANG_CXX_LIBRARY = "libc++";
				CLANG_ENABLE_MODULES = YES;
				CLANG_ENABLE_OBJC_ARC = YES;
				CLANG_ENABLE_OBJC_WEAK = YES;
				CLANG_WARN_BLOCK_CAPTURE_AUTORELEASING = YES;
				CLANG_WARN_BOOL_CONVERSION = YES;
				CLANG_WARN_COMMA = YES;
				CLANG_WARN_CONSTANT_CONVERSION = YES;
				CLANG_WARN_DEPRECATED_OBJC_IMPLEMENTATIONS = YES;
				CLANG_WARN_DIRECT_OBJC_ISA_USAGE = YES_ERROR;
				CLANG_WARN_DOCUMENTATION_COMMENTS = YES;
				CLANG_WARN_EMPTY_BODY = YES;
				CLANG_WARN_ENUM_CONVERSION = YES;
				CLANG_WARN_INFINITE_RECURSION = YES;
				CLANG_WARN_INT_CONVERSION = YES;
				CLANG_WARN_NON_LITERAL_NULL_CONVERSION = YES;
				CLANG_WARN_OBJC_IMPLICIT_RETAIN_SELF = YES;
				CLANG_WARN_OBJC_LITERAL_CONVERSION = YES;
				CLANG_WARN_OBJC_ROOT_CLASS = YES_ERROR;
				CLANG_WARN_QUOTED_INCLUDE_IN_FRAMEWORK_HEADER = YES;
				CLANG_WARN_RANGE_LOOP_ANALYSIS = YES;
				CLANG_WARN_STRICT_PROTOTYPES = YES;
				CLANG_WARN_SUSPICIOUS_MOVE = YES;
				CLANG_WARN_UNGUARDED_AVAILABILITY = YES_AGGRESSIVE;
				CLANG_WARN_UNREACHABLE_CODE = YES;
				CLANG_WARN__DUPLICATE_METHOD_MATCH = YES;
				COPY_PHASE_STRIP = NO;
				DEBUG_INFORMATION_FORMAT = "dwarf-with-dsym";
				ENABLE_NS_ASSERTIONS = NO;
				ENABLE_STRICT_OBJC_MSGSEND = YES;
				GCC_C_LANGUAGE_STANDARD = gnu11;
				GCC_NO_COMMON_BLOCKS = YES;
				GCC_WARN_64_TO_32_BIT_CONVERSION = YES;
				GCC_WARN_ABOUT_RETURN_TYPE = YES_ERROR;
				GCC_WARN_UNDECLARED_SELECTOR = YES;
				GCC_WARN_UNINITIALIZED_AUTOS = YES_AGGRESSIVE;
				GCC_WARN_UNUSED_FUNCTION = YES;
				GCC_WARN_UNUSED_VARIABLE = YES;
				IPHONEOS_DEPLOYMENT_TARGET = 15.0;
				MTL_ENABLE_DEBUG_INFO = NO;
				MTL_FAST_MATH = YES;
				PRODUCT_NAME = "$(TARGET_NAME)";
				SDKROOT = iphoneos;
				SWIFT_COMPILATION_MODE = wholemodule;
				SWIFT_OPTIMIZATION_LEVEL = "-O";
				SWIFT_VERSION = 5.0;
			};
			name = Release;
		};
		B70DA960908D9D3BA70D56B5 /* Release */ = {
			isa = XCBuildConfiguration;
			buildSettings = {
				ASSETCATALOG_COMPILER_APPICON_NAME = AppIcon;
				CODE_SIGN_IDENTITY = "iPhone Developer";
				INFOPLIST_FILE = Sources/App/Info.plist;
				LD_RUNPATH_SEARCH_PATHS = (
					"$(inherited)",
					"@executable_path/Frameworks",
				);
				PRODUCT_BUNDLE_IDENTIFIER = com.steez.app;
				SDKROOT = iphoneos;
				TARGETED_DEVICE_FAMILY = "1,2";
			};
			name = Release;
		};
		BFE7EB8D6D21CD3214A8F3CC /* Debug */ = {
			isa = XCBuildConfiguration;
			buildSettings = {
				ASSETCATALOG_COMPILER_APPICON_NAME = AppIcon;
				CODE_SIGN_IDENTITY = "iPhone Developer";
				INFOPLIST_FILE = Sources/App/Info.plist;
				LD_RUNPATH_SEARCH_PATHS = (
					"$(inherited)",
					"@executable_path/Frameworks",
				);
				PRODUCT_BUNDLE_IDENTIFIER = com.steez.app;
				SDKROOT = iphoneos;
				TARGETED_DEVICE_FAMILY = "1,2";
			};
			name = Debug;
		};
/* End XCBuildConfiguration section */

/* Begin XCConfigurationList section */
		37FD20A83A7E0604F3A324E0 /* Build configuration list for PBXProject "Steez" */ = {
			isa = XCConfigurationList;
			buildConfigurations = (
				27BAC835FC53AFD94B2C05CD /* Debug */,
				4DDB3FDDAC125394F0A35FA2 /* Release */,
			);
			defaultConfigurationIsVisible = 0;
			defaultConfigurationName = Debug;
		};
		9F621860A229FF49AC48BCF7 /* Build configuration list for PBXNativeTarget "Steez" */ = {
			isa = XCConfigurationList;
			buildConfigurations = (
				BFE7EB8D6D21CD3214A8F3CC /* Debug */,
				B70DA960908D9D3BA70D56B5 /* Release */,
			);
			defaultConfigurationIsVisible = 0;
			defaultConfigurationName = Debug;
		};
/* End XCConfigurationList section */
	};
	rootObject = 2C7CF9C8C5795DE50E6B6100 /* Project object */;
}
